// !$*UTF8*$!
{
	archiveVersion = 1;
	classes = {
	};
	objectVersion = 56;
	objects = {

/* Begin PBXBuildFile section */
		D15B01ED2B59AD8E00BA70D8 /* RickAndMortyApiApp.swift in Sources */ = {isa = PBXBuildFile; fileRef = D15B01EC2B59AD8E00BA70D8 /* RickAndMortyApiApp.swift */; };
		D15B01EF2B59AD8E00BA70D8 /* CharactersView.swift in Sources */ = {isa = PBXBuildFile; fileRef = D15B01EE2B59AD8E00BA70D8 /* CharactersView.swift */; };
		D15B01F12B59AD8F00BA70D8 /* Assets.xcassets in Resources */ = {isa = PBXBuildFile; fileRef = D15B01F02B59AD8F00BA70D8 /* Assets.xcassets */; };
		D15B01F42B59AD8F00BA70D8 /* Preview Assets.xcassets in Resources */ = {isa = PBXBuildFile; fileRef = D15B01F32B59AD8F00BA70D8 /* Preview Assets.xcassets */; };
		D15B01FB2B59B07500BA70D8 /* RickAndMortyAPIService.swift in Sources */ = {isa = PBXBuildFile; fileRef = D15B01FA2B59B07500BA70D8 /* RickAndMortyAPIService.swift */; };
		D15B01FD2B59B0AD00BA70D8 /* Character.swift in Sources */ = {isa = PBXBuildFile; fileRef = D15B01FC2B59B0AD00BA70D8 /* Character.swift */; };
		D15B01FF2B59C18200BA70D8 /* CharacterCard.swift in Sources */ = {isa = PBXBuildFile; fileRef = D15B01FE2B59C18200BA70D8 /* CharacterCard.swift */; };
		D15B02012B5A653C00BA70D8 /* Episode.swift in Sources */ = {isa = PBXBuildFile; fileRef = D15B02002B5A653C00BA70D8 /* Episode.swift */; };
		D15B02052B5A8A8D00BA70D8 /* PageResponse.swift in Sources */ = {isa = PBXBuildFile; fileRef = D15B02042B5A8A8D00BA70D8 /* PageResponse.swift */; };
		D15B02072B5A91C100BA70D8 /* ErrorView.swift in Sources */ = {isa = PBXBuildFile; fileRef = D15B02062B5A91C100BA70D8 /* ErrorView.swift */; };
		D15B02092B5A93E200BA70D8 /* StatusView.swift in Sources */ = {isa = PBXBuildFile; fileRef = D15B02082B5A93E200BA70D8 /* StatusView.swift */; };
		D15B020B2B5ABF5500BA70D8 /* Cache.swift in Sources */ = {isa = PBXBuildFile; fileRef = D15B020A2B5ABF5500BA70D8 /* Cache.swift */; };
		D15B020D2B5AC52E00BA70D8 /* EpisodesView.swift in Sources */ = {isa = PBXBuildFile; fileRef = D15B020C2B5AC52E00BA70D8 /* EpisodesView.swift */; };
		D15B020F2B5ACA2A00BA70D8 /* EpisodeCard.swift in Sources */ = {isa = PBXBuildFile; fileRef = D15B020E2B5ACA2A00BA70D8 /* EpisodeCard.swift */; };
		D15B02152B5C77E700BA70D8 /* SubitemCacheable.swift in Sources */ = {isa = PBXBuildFile; fileRef = D15B02142B5C77E700BA70D8 /* SubitemCacheable.swift */; };
		D15B02182B5C7CF400BA70D8 /* PaginatedView.swift in Sources */ = {isa = PBXBuildFile; fileRef = D15B02172B5C7CF400BA70D8 /* PaginatedView.swift */; };
		D15B021A2B5C830400BA70D8 /* PaginatedLastRowView.swift in Sources */ = {isa = PBXBuildFile; fileRef = D15B02192B5C830400BA70D8 /* PaginatedLastRowView.swift */; };
		D15B021C2B5D087500BA70D8 /* APIURL.swift in Sources */ = {isa = PBXBuildFile; fileRef = D15B021B2B5D087500BA70D8 /* APIURL.swift */; };
		D1B3B7BA2B5D0C50005F5DC0 /* Location.swift in Sources */ = {isa = PBXBuildFile; fileRef = D1B3B7B92B5D0C50005F5DC0 /* Location.swift */; };
		D1B3B7BC2B5D0EED005F5DC0 /* LocationCard.swift in Sources */ = {isa = PBXBuildFile; fileRef = D1B3B7BB2B5D0EED005F5DC0 /* LocationCard.swift */; };
		D1B3B7BE2B5D113A005F5DC0 /* LocationsView.swift in Sources */ = {isa = PBXBuildFile; fileRef = D1B3B7BD2B5D113A005F5DC0 /* LocationsView.swift */; };
		D1B3B7C02B5D3039005F5DC0 /* NavigationStackView.swift in Sources */ = {isa = PBXBuildFile; fileRef = D1B3B7BF2B5D3039005F5DC0 /* NavigationStackView.swift */; };
		D1B3B7C22B5D32F1005F5DC0 /* CharacterDetailsView.swift in Sources */ = {isa = PBXBuildFile; fileRef = D1B3B7C12B5D32F1005F5DC0 /* CharacterDetailsView.swift */; };
		D1B3B7C42B5D3CAE005F5DC0 /* AsyncImagePlaceholder.swift in Sources */ = {isa = PBXBuildFile; fileRef = D1B3B7C32B5D3CAE005F5DC0 /* AsyncImagePlaceholder.swift */; };
		D1B3B7C62B5E58C3005F5DC0 /* CharacterFilter.swift in Sources */ = {isa = PBXBuildFile; fileRef = D1B3B7C52B5E58C3005F5DC0 /* CharacterFilter.swift */; };
		D1B3B7C82B5E8CBC005F5DC0 /* List+ScrollDismissesKeyboardImmediately.swift in Sources */ = {isa = PBXBuildFile; fileRef = D1B3B7C72B5E8CBC005F5DC0 /* List+ScrollDismissesKeyboardImmediately.swift */; };
		D1B3B7CA2B5E8D4F005F5DC0 /* APIFilter.swift in Sources */ = {isa = PBXBuildFile; fileRef = D1B3B7C92B5E8D4F005F5DC0 /* APIFilter.swift */; };
		D1B3B7CC2B5E99A6005F5DC0 /* CharacterFilterView.swift in Sources */ = {isa = PBXBuildFile; fileRef = D1B3B7CB2B5E99A6005F5DC0 /* CharacterFilterView.swift */; };
		D1B3B7CE2B5EA142005F5DC0 /* HalfSheet.swift in Sources */ = {isa = PBXBuildFile; fileRef = D1B3B7CD2B5EA142005F5DC0 /* HalfSheet.swift */; };
		D1B3B7D02B5EA87D005F5DC0 /* TextField+ShowClearButton.swift in Sources */ = {isa = PBXBuildFile; fileRef = D1B3B7CF2B5EA87D005F5DC0 /* TextField+ShowClearButton.swift */; };
		D1B3B7D32B61A408005F5DC0 /* Pageable.swift in Sources */ = {isa = PBXBuildFile; fileRef = D1B3B7D22B61A408005F5DC0 /* Pageable.swift */; };
		D1B3B7D52B61A425005F5DC0 /* Batchable.swift in Sources */ = {isa = PBXBuildFile; fileRef = D1B3B7D42B61A425005F5DC0 /* Batchable.swift */; };
		D1B3B7D72B61A5FD005F5DC0 /* Constants.swift in Sources */ = {isa = PBXBuildFile; fileRef = D1B3B7D62B61A5FD005F5DC0 /* Constants.swift */; };
/* End PBXBuildFile section */

/* Begin PBXFileReference section */
		D15B01E92B59AD8E00BA70D8 /* RickAndMortyApi.app */ = {isa = PBXFileReference; explicitFileType = wrapper.application; includeInIndex = 0; path = RickAndMortyApi.app; sourceTree = BUILT_PRODUCTS_DIR; };
		D15B01EC2B59AD8E00BA70D8 /* RickAndMortyApiApp.swift */ = {isa = PBXFileReference; lastKnownFileType = sourcecode.swift; path = RickAndMortyApiApp.swift; sourceTree = "<group>"; };
		D15B01EE2B59AD8E00BA70D8 /* CharactersView.swift */ = {isa = PBXFileReference; lastKnownFileType = sourcecode.swift; path = CharactersView.swift; sourceTree = "<group>"; };
		D15B01F02B59AD8F00BA70D8 /* Assets.xcassets */ = {isa = PBXFileReference; lastKnownFileType = folder.assetcatalog; path = Assets.xcassets; sourceTree = "<group>"; };
		D15B01F32B59AD8F00BA70D8 /* Preview Assets.xcassets */ = {isa = PBXFileReference; lastKnownFileType = folder.assetcatalog; path = "Preview Assets.xcassets"; sourceTree = "<group>"; };
		D15B01FA2B59B07500BA70D8 /* RickAndMortyAPIService.swift */ = {isa = PBXFileReference; lastKnownFileType = sourcecode.swift; path = RickAndMortyAPIService.swift; sourceTree = "<group>"; };
		D15B01FC2B59B0AD00BA70D8 /* Character.swift */ = {isa = PBXFileReference; lastKnownFileType = sourcecode.swift; path = Character.swift; sourceTree = "<group>"; };
		D15B01FE2B59C18200BA70D8 /* CharacterCard.swift */ = {isa = PBXFileReference; lastKnownFileType = sourcecode.swift; path = CharacterCard.swift; sourceTree = "<group>"; };
		D15B02002B5A653C00BA70D8 /* Episode.swift */ = {isa = PBXFileReference; lastKnownFileType = sourcecode.swift; path = Episode.swift; sourceTree = "<group>"; };
		D15B02042B5A8A8D00BA70D8 /* PageResponse.swift */ = {isa = PBXFileReference; lastKnownFileType = sourcecode.swift; path = PageResponse.swift; sourceTree = "<group>"; };
		D15B02062B5A91C100BA70D8 /* ErrorView.swift */ = {isa = PBXFileReference; lastKnownFileType = sourcecode.swift; path = ErrorView.swift; sourceTree = "<group>"; };
		D15B02082B5A93E200BA70D8 /* StatusView.swift */ = {isa = PBXFileReference; lastKnownFileType = sourcecode.swift; path = StatusView.swift; sourceTree = "<group>"; };
		D15B020A2B5ABF5500BA70D8 /* Cache.swift */ = {isa = PBXFileReference; lastKnownFileType = sourcecode.swift; path = Cache.swift; sourceTree = "<group>"; };
		D15B020C2B5AC52E00BA70D8 /* EpisodesView.swift */ = {isa = PBXFileReference; lastKnownFileType = sourcecode.swift; path = EpisodesView.swift; sourceTree = "<group>"; };
		D15B020E2B5ACA2A00BA70D8 /* EpisodeCard.swift */ = {isa = PBXFileReference; lastKnownFileType = sourcecode.swift; path = EpisodeCard.swift; sourceTree = "<group>"; };
		D15B02142B5C77E700BA70D8 /* SubitemCacheable.swift */ = {isa = PBXFileReference; lastKnownFileType = sourcecode.swift; path = SubitemCacheable.swift; sourceTree = "<group>"; };
		D15B02172B5C7CF400BA70D8 /* PaginatedView.swift */ = {isa = PBXFileReference; lastKnownFileType = sourcecode.swift; path = PaginatedView.swift; sourceTree = "<group>"; };
		D15B02192B5C830400BA70D8 /* PaginatedLastRowView.swift */ = {isa = PBXFileReference; lastKnownFileType = sourcecode.swift; path = PaginatedLastRowView.swift; sourceTree = "<group>"; };
		D15B021B2B5D087500BA70D8 /* APIURL.swift */ = {isa = PBXFileReference; lastKnownFileType = sourcecode.swift; path = APIURL.swift; sourceTree = "<group>"; };
		D1B3B7B92B5D0C50005F5DC0 /* Location.swift */ = {isa = PBXFileReference; lastKnownFileType = sourcecode.swift; path = Location.swift; sourceTree = "<group>"; };
		D1B3B7BB2B5D0EED005F5DC0 /* LocationCard.swift */ = {isa = PBXFileReference; lastKnownFileType = sourcecode.swift; path = LocationCard.swift; sourceTree = "<group>"; };
		D1B3B7BD2B5D113A005F5DC0 /* LocationsView.swift */ = {isa = PBXFileReference; lastKnownFileType = sourcecode.swift; path = LocationsView.swift; sourceTree = "<group>"; };
		D1B3B7BF2B5D3039005F5DC0 /* NavigationStackView.swift */ = {isa = PBXFileReference; lastKnownFileType = sourcecode.swift; path = NavigationStackView.swift; sourceTree = "<group>"; };
		D1B3B7C12B5D32F1005F5DC0 /* CharacterDetailsView.swift */ = {isa = PBXFileReference; lastKnownFileType = sourcecode.swift; path = CharacterDetailsView.swift; sourceTree = "<group>"; };
		D1B3B7C32B5D3CAE005F5DC0 /* AsyncImagePlaceholder.swift */ = {isa = PBXFileReference; lastKnownFileType = sourcecode.swift; path = AsyncImagePlaceholder.swift; sourceTree = "<group>"; };
		D1B3B7C52B5E58C3005F5DC0 /* CharacterFilter.swift */ = {isa = PBXFileReference; lastKnownFileType = sourcecode.swift; path = CharacterFilter.swift; sourceTree = "<group>"; };
		D1B3B7C72B5E8CBC005F5DC0 /* List+ScrollDismissesKeyboardImmediately.swift */ = {isa = PBXFileReference; lastKnownFileType = sourcecode.swift; path = "List+ScrollDismissesKeyboardImmediately.swift"; sourceTree = "<group>"; };
		D1B3B7C92B5E8D4F005F5DC0 /* APIFilter.swift */ = {isa = PBXFileReference; lastKnownFileType = sourcecode.swift; path = APIFilter.swift; sourceTree = "<group>"; };
		D1B3B7CB2B5E99A6005F5DC0 /* CharacterFilterView.swift */ = {isa = PBXFileReference; lastKnownFileType = sourcecode.swift; path = CharacterFilterView.swift; sourceTree = "<group>"; };
		D1B3B7CD2B5EA142005F5DC0 /* HalfSheet.swift */ = {isa = PBXFileReference; lastKnownFileType = sourcecode.swift; path = HalfSheet.swift; sourceTree = "<group>"; };
		D1B3B7CF2B5EA87D005F5DC0 /* TextField+ShowClearButton.swift */ = {isa = PBXFileReference; lastKnownFileType = sourcecode.swift; path = "TextField+ShowClearButton.swift"; sourceTree = "<group>"; };
		D1B3B7D22B61A408005F5DC0 /* Pageable.swift */ = {isa = PBXFileReference; lastKnownFileType = sourcecode.swift; path = Pageable.swift; sourceTree = "<group>"; };
		D1B3B7D42B61A425005F5DC0 /* Batchable.swift */ = {isa = PBXFileReference; lastKnownFileType = sourcecode.swift; path = Batchable.swift; sourceTree = "<group>"; };
		D1B3B7D62B61A5FD005F5DC0 /* Constants.swift */ = {isa = PBXFileReference; lastKnownFileType = sourcecode.swift; path = Constants.swift; sourceTree = "<group>"; };
/* End PBXFileReference section */

/* Begin PBXFrameworksBuildPhase section */
		D15B01E62B59AD8E00BA70D8 /* Frameworks */ = {
			isa = PBXFrameworksBuildPhase;
			buildActionMask = 2147483647;
			files = (
			);
			runOnlyForDeploymentPostprocessing = 0;
		};
/* End PBXFrameworksBuildPhase section */

/* Begin PBXGroup section */
		D15B01E02B59AD8E00BA70D8 = {
			isa = PBXGroup;
			children = (
				D15B01EB2B59AD8E00BA70D8 /* RickAndMortyApi */,
				D15B01EA2B59AD8E00BA70D8 /* Products */,
			);
			sourceTree = "<group>";
		};
		D15B01EA2B59AD8E00BA70D8 /* Products */ = {
			isa = PBXGroup;
			children = (
				D15B01E92B59AD8E00BA70D8 /* RickAndMortyApi.app */,
			);
			name = Products;
			sourceTree = "<group>";
		};
		D15B01EB2B59AD8E00BA70D8 /* RickAndMortyApi */ = {
			isa = PBXGroup;
			children = (
				D15B01EC2B59AD8E00BA70D8 /* RickAndMortyApiApp.swift */,
				D15B02162B5C78A300BA70D8 /* Util */,
				D15B02112B5BF86100BA70D8 /* Views */,
				D15B02102B5BF83D00BA70D8 /* Models */,
				D15B01F02B59AD8F00BA70D8 /* Assets.xcassets */,
				D15B01F22B59AD8F00BA70D8 /* Preview Content */,
			);
			path = RickAndMortyApi;
			sourceTree = "<group>";
		};
		D15B01F22B59AD8F00BA70D8 /* Preview Content */ = {
			isa = PBXGroup;
			children = (
				D15B01F32B59AD8F00BA70D8 /* Preview Assets.xcassets */,
			);
			path = "Preview Content";
			sourceTree = "<group>";
		};
		D15B02102B5BF83D00BA70D8 /* Models */ = {
			isa = PBXGroup;
			children = (
				D15B01FA2B59B07500BA70D8 /* RickAndMortyAPIService.swift */,
				D15B02042B5A8A8D00BA70D8 /* PageResponse.swift */,
				D15B02002B5A653C00BA70D8 /* Episode.swift */,
				D15B01FC2B59B0AD00BA70D8 /* Character.swift */,
				D1B3B7B92B5D0C50005F5DC0 /* Location.swift */,
				D1B3B7C92B5E8D4F005F5DC0 /* APIFilter.swift */,
				D1B3B7C52B5E58C3005F5DC0 /* CharacterFilter.swift */,
				D1B3B7D22B61A408005F5DC0 /* Pageable.swift */,
				D1B3B7D42B61A425005F5DC0 /* Batchable.swift */,
			);
			path = Models;
			sourceTree = "<group>";
		};
		D15B02112B5BF86100BA70D8 /* Views */ = {
			isa = PBXGroup;
			children = (
				D1B3B7D12B5EAAE1005F5DC0 /* Character */,
				D15B02062B5A91C100BA70D8 /* ErrorView.swift */,
				D15B02172B5C7CF400BA70D8 /* PaginatedView.swift */,
				D15B02192B5C830400BA70D8 /* PaginatedLastRowView.swift */,
				D15B020C2B5AC52E00BA70D8 /* EpisodesView.swift */,
				D15B020E2B5ACA2A00BA70D8 /* EpisodeCard.swift */,
				D1B3B7BD2B5D113A005F5DC0 /* LocationsView.swift */,
				D1B3B7BB2B5D0EED005F5DC0 /* LocationCard.swift */,
				D1B3B7C32B5D3CAE005F5DC0 /* AsyncImagePlaceholder.swift */,
			);
			path = Views;
			sourceTree = "<group>";
		};
		D15B02162B5C78A300BA70D8 /* Util */ = {
			isa = PBXGroup;
			children = (
				D1B3B7D62B61A5FD005F5DC0 /* Constants.swift */,
				D15B020A2B5ABF5500BA70D8 /* Cache.swift */,
				D15B02142B5C77E700BA70D8 /* SubitemCacheable.swift */,
				D15B021B2B5D087500BA70D8 /* APIURL.swift */,
				D1B3B7BF2B5D3039005F5DC0 /* NavigationStackView.swift */,
				D1B3B7C72B5E8CBC005F5DC0 /* List+ScrollDismissesKeyboardImmediately.swift */,
				D1B3B7CD2B5EA142005F5DC0 /* HalfSheet.swift */,
				D1B3B7CF2B5EA87D005F5DC0 /* TextField+ShowClearButton.swift */,
			);
			path = Util;
			sourceTree = "<group>";
		};
		D1B3B7D12B5EAAE1005F5DC0 /* Character */ = {
			isa = PBXGroup;
			children = (
				D15B01EE2B59AD8E00BA70D8 /* CharactersView.swift */,
				D15B01FE2B59C18200BA70D8 /* CharacterCard.swift */,
				D1B3B7C12B5D32F1005F5DC0 /* CharacterDetailsView.swift */,
				D1B3B7CB2B5E99A6005F5DC0 /* CharacterFilterView.swift */,
				D15B02082B5A93E200BA70D8 /* StatusView.swift */,
			);
			path = Character;
			sourceTree = "<group>";
		};
/* End PBXGroup section */

/* Begin PBXNativeTarget section */
		D15B01E82B59AD8E00BA70D8 /* RickAndMortyApi */ = {
			isa = PBXNativeTarget;
			buildConfigurationList = D15B01F72B59AD8F00BA70D8 /* Build configuration list for PBXNativeTarget "RickAndMortyApi" */;
			buildPhases = (
				D15B01E52B59AD8E00BA70D8 /* Sources */,
				D15B01E62B59AD8E00BA70D8 /* Frameworks */,
				D15B01E72B59AD8E00BA70D8 /* Resources */,
			);
			buildRules = (
			);
			dependencies = (
			);
			name = RickAndMortyApi;
			productName = RickAndMortyApi;
			productReference = D15B01E92B59AD8E00BA70D8 /* RickAndMortyApi.app */;
			productType = "com.apple.product-type.application";
		};
/* End PBXNativeTarget section */

/* Begin PBXProject section */
		D15B01E12B59AD8E00BA70D8 /* Project object */ = {
			isa = PBXProject;
			attributes = {
				BuildIndependentTargetsInParallel = 1;
				LastSwiftUpdateCheck = 1520;
				LastUpgradeCheck = 1520;
				TargetAttributes = {
					D15B01E82B59AD8E00BA70D8 = {
						CreatedOnToolsVersion = 15.2;
					};
				};
			};
			buildConfigurationList = D15B01E42B59AD8E00BA70D8 /* Build configuration list for PBXProject "RickAndMortyApi" */;
			compatibilityVersion = "Xcode 14.0";
			developmentRegion = en;
			hasScannedForEncodings = 0;
			knownRegions = (
				en,
				Base,
			);
			mainGroup = D15B01E02B59AD8E00BA70D8;
			productRefGroup = D15B01EA2B59AD8E00BA70D8 /* Products */;
			projectDirPath = "";
			projectRoot = "";
			targets = (
				D15B01E82B59AD8E00BA70D8 /* RickAndMortyApi */,
			);
		};
/* End PBXProject section */

/* Begin PBXResourcesBuildPhase section */
		D15B01E72B59AD8E00BA70D8 /* Resources */ = {
			isa = PBXResourcesBuildPhase;
			buildActionMask = 2147483647;
			files = (
				D15B01F42B59AD8F00BA70D8 /* Preview Assets.xcassets in Resources */,
				D15B01F12B59AD8F00BA70D8 /* Assets.xcassets in Resources */,
			);
			runOnlyForDeploymentPostprocessing = 0;
		};
/* End PBXResourcesBuildPhase section */

/* Begin PBXSourcesBuildPhase section */
		D15B01E52B59AD8E00BA70D8 /* Sources */ = {
			isa = PBXSourcesBuildPhase;
			buildActionMask = 2147483647;
			files = (
				D1B3B7C62B5E58C3005F5DC0 /* CharacterFilter.swift in Sources */,
				D15B021A2B5C830400BA70D8 /* PaginatedLastRowView.swift in Sources */,
				D15B020D2B5AC52E00BA70D8 /* EpisodesView.swift in Sources */,
				D1B3B7D32B61A408005F5DC0 /* Pageable.swift in Sources */,
				D1B3B7D52B61A425005F5DC0 /* Batchable.swift in Sources */,
				D1B3B7CE2B5EA142005F5DC0 /* HalfSheet.swift in Sources */,
				D15B02152B5C77E700BA70D8 /* SubitemCacheable.swift in Sources */,
				D15B021C2B5D087500BA70D8 /* APIURL.swift in Sources */,
				D1B3B7BC2B5D0EED005F5DC0 /* LocationCard.swift in Sources */,
				D1B3B7D72B61A5FD005F5DC0 /* Constants.swift in Sources */,
				D15B01FF2B59C18200BA70D8 /* CharacterCard.swift in Sources */,
				D1B3B7BA2B5D0C50005F5DC0 /* Location.swift in Sources */,
				D15B02052B5A8A8D00BA70D8 /* PageResponse.swift in Sources */,
				D15B02012B5A653C00BA70D8 /* Episode.swift in Sources */,
				D15B01FB2B59B07500BA70D8 /* RickAndMortyAPIService.swift in Sources */,
				D1B3B7C42B5D3CAE005F5DC0 /* AsyncImagePlaceholder.swift in Sources */,
				D15B02182B5C7CF400BA70D8 /* PaginatedView.swift in Sources */,
				D1B3B7CA2B5E8D4F005F5DC0 /* APIFilter.swift in Sources */,
				D1B3B7CC2B5E99A6005F5DC0 /* CharacterFilterView.swift in Sources */,
				D1B3B7BE2B5D113A005F5DC0 /* LocationsView.swift in Sources */,
				D15B02092B5A93E200BA70D8 /* StatusView.swift in Sources */,
				D1B3B7D02B5EA87D005F5DC0 /* TextField+ShowClearButton.swift in Sources */,
				D1B3B7C02B5D3039005F5DC0 /* NavigationStackView.swift in Sources */,
				D15B01EF2B59AD8E00BA70D8 /* CharactersView.swift in Sources */,
				D15B01ED2B59AD8E00BA70D8 /* RickAndMortyApiApp.swift in Sources */,
				D15B01FD2B59B0AD00BA70D8 /* Character.swift in Sources */,
				D1B3B7C22B5D32F1005F5DC0 /* CharacterDetailsView.swift in Sources */,
				D15B02072B5A91C100BA70D8 /* ErrorView.swift in Sources */,
				D15B020B2B5ABF5500BA70D8 /* Cache.swift in Sources */,
				D15B020F2B5ACA2A00BA70D8 /* EpisodeCard.swift in Sources */,
				D1B3B7C82B5E8CBC005F5DC0 /* List+ScrollDismissesKeyboardImmediately.swift in Sources */,
			);
			runOnlyForDeploymentPostprocessing = 0;
		};
/* End PBXSourcesBuildPhase section */

/* Begin XCBuildConfiguration section */
		D15B01F52B59AD8F00BA70D8 /* Debug */ = {
			isa = XCBuildConfiguration;
			buildSettings = {
				ALWAYS_SEARCH_USER_PATHS = NO;
				ASSETCATALOG_COMPILER_GENERATE_SWIFT_ASSET_SYMBOL_EXTENSIONS = YES;
				CLANG_ANALYZER_NONNULL = YES;
				CLANG_ANALYZER_NUMBER_OBJECT_CONVERSION = YES_AGGRESSIVE;
				CLANG_CXX_LANGUAGE_STANDARD = "gnu++20";
				CLANG_ENABLE_MODULES = YES;
				CLANG_ENABLE_OBJC_ARC = YES;
				CLANG_ENABLE_OBJC_WEAK = YES;
				CLANG_WARN_BLOCK_CAPTURE_AUTORELEASING = YES;
				CLANG_WARN_BOOL_CONVERSION = YES;
				CLANG_WARN_COMMA = YES;
				CLANG_WARN_CONSTANT_CONVERSION = YES;
				CLANG_WARN_DEPRECATED_OBJC_IMPLEMENTATIONS = YES;
				CLANG_WARN_DIRECT_OBJC_ISA_USAGE = YES_ERROR;
				CLANG_WARN_DOCUMENTATION_COMMENTS = YES;
				CLANG_WARN_EMPTY_BODY = YES;
				CLANG_WARN_ENUM_CONVERSION = YES;
				CLANG_WARN_INFINITE_RECURSION = YES;
				CLANG_WARN_INT_CONVERSION = YES;
				CLANG_WARN_NON_LITERAL_NULL_CONVERSION = YES;
				CLANG_WARN_OBJC_IMPLICIT_RETAIN_SELF = YES;
				CLANG_WARN_OBJC_LITERAL_CONVERSION = YES;
				CLANG_WARN_OBJC_ROOT_CLASS = YES_ERROR;
				CLANG_WARN_QUOTED_INCLUDE_IN_FRAMEWORK_HEADER = YES;
				CLANG_WARN_RANGE_LOOP_ANALYSIS = YES;
				CLANG_WARN_STRICT_PROTOTYPES = YES;
				CLANG_WARN_SUSPICIOUS_MOVE = YES;
				CLANG_WARN_UNGUARDED_AVAILABILITY = YES_AGGRESSIVE;
				CLANG_WARN_UNREACHABLE_CODE = YES;
				CLANG_WARN__DUPLICATE_METHOD_MATCH = YES;
				COPY_PHASE_STRIP = NO;
				DEBUG_INFORMATION_FORMAT = dwarf;
				ENABLE_STRICT_OBJC_MSGSEND = YES;
				ENABLE_TESTABILITY = YES;
				ENABLE_USER_SCRIPT_SANDBOXING = YES;
				GCC_C_LANGUAGE_STANDARD = gnu17;
				GCC_DYNAMIC_NO_PIC = NO;
				GCC_NO_COMMON_BLOCKS = YES;
				GCC_OPTIMIZATION_LEVEL = 0;
				GCC_PREPROCESSOR_DEFINITIONS = (
					"DEBUG=1",
					"$(inherited)",
				);
				GCC_WARN_64_TO_32_BIT_CONVERSION = YES;
				GCC_WARN_ABOUT_RETURN_TYPE = YES_ERROR;
				GCC_WARN_UNDECLARED_SELECTOR = YES;
				GCC_WARN_UNINITIALIZED_AUTOS = YES_AGGRESSIVE;
				GCC_WARN_UNUSED_FUNCTION = YES;
				GCC_WARN_UNUSED_VARIABLE = YES;
				IPHONEOS_DEPLOYMENT_TARGET = 17.2;
				LOCALIZATION_PREFERS_STRING_CATALOGS = YES;
				MTL_ENABLE_DEBUG_INFO = INCLUDE_SOURCE;
				MTL_FAST_MATH = YES;
				ONLY_ACTIVE_ARCH = YES;
				SDKROOT = iphoneos;
				SWIFT_ACTIVE_COMPILATION_CONDITIONS = "DEBUG $(inherited)";
				SWIFT_OPTIMIZATION_LEVEL = "-Onone";
			};
			name = Debug;
		};
		D15B01F62B59AD8F00BA70D8 /* Release */ = {
			isa = XCBuildConfiguration;
			buildSettings = {
				ALWAYS_SEARCH_USER_PATHS = NO;
				ASSETCATALOG_COMPILER_GENERATE_SWIFT_ASSET_SYMBOL_EXTENSIONS = YES;
				CLANG_ANALYZER_NONNULL = YES;
				CLANG_ANALYZER_NUMBER_OBJECT_CONVERSION = YES_AGGRESSIVE;
				CLANG_CXX_LANGUAGE_STANDARD = "gnu++20";
				CLANG_ENABLE_MODULES = YES;
				CLANG_ENABLE_OBJC_ARC = YES;
				CLANG_ENABLE_OBJC_WEAK = YES;
				CLANG_WARN_BLOCK_CAPTURE_AUTORELEASING = YES;
				CLANG_WARN_BOOL_CONVERSION = YES;
				CLANG_WARN_COMMA = YES;
				CLANG_WARN_CONSTANT_CONVERSION = YES;
				CLANG_WARN_DEPRECATED_OBJC_IMPLEMENTATIONS = YES;
				CLANG_WARN_DIRECT_OBJC_ISA_USAGE = YES_ERROR;
				CLANG_WARN_DOCUMENTATION_COMMENTS = YES;
				CLANG_WARN_EMPTY_BODY = YES;
				CLANG_WARN_ENUM_CONVERSION = YES;
				CLANG_WARN_INFINITE_RECURSION = YES;
				CLANG_WARN_INT_CONVERSION = YES;
				CLANG_WARN_NON_LITERAL_NULL_CONVERSION = YES;
				CLANG_WARN_OBJC_IMPLICIT_RETAIN_SELF = YES;
				CLANG_WARN_OBJC_LITERAL_CONVERSION = YES;
				CLANG_WARN_OBJC_ROOT_CLASS = YES_ERROR;
				CLANG_WARN_QUOTED_INCLUDE_IN_FRAMEWORK_HEADER = YES;
				CLANG_WARN_RANGE_LOOP_ANALYSIS = YES;
				CLANG_WARN_STRICT_PROTOTYPES = YES;
				CLANG_WARN_SUSPICIOUS_MOVE = YES;
				CLANG_WARN_UNGUARDED_AVAILABILITY = YES_AGGRESSIVE;
				CLANG_WARN_UNREACHABLE_CODE = YES;
				CLANG_WARN__DUPLICATE_METHOD_MATCH = YES;
				COPY_PHASE_STRIP = NO;
				DEBUG_INFORMATION_FORMAT = "dwarf-with-dsym";
				ENABLE_NS_ASSERTIONS = NO;
				ENABLE_STRICT_OBJC_MSGSEND = YES;
				ENABLE_USER_SCRIPT_SANDBOXING = YES;
				GCC_C_LANGUAGE_STANDARD = gnu17;
				GCC_NO_COMMON_BLOCKS = YES;
				GCC_WARN_64_TO_32_BIT_CONVERSION = YES;
				GCC_WARN_ABOUT_RETURN_TYPE = YES_ERROR;
				GCC_WARN_UNDECLARED_SELECTOR = YES;
				GCC_WARN_UNINITIALIZED_AUTOS = YES_AGGRESSIVE;
				GCC_WARN_UNUSED_FUNCTION = YES;
				GCC_WARN_UNUSED_VARIABLE = YES;
				IPHONEOS_DEPLOYMENT_TARGET = 17.2;
				LOCALIZATION_PREFERS_STRING_CATALOGS = YES;
				MTL_ENABLE_DEBUG_INFO = NO;
				MTL_FAST_MATH = YES;
				SDKROOT = iphoneos;
				SWIFT_COMPILATION_MODE = wholemodule;
				VALIDATE_PRODUCT = YES;
			};
			name = Release;
		};
		D15B01F82B59AD8F00BA70D8 /* Debug */ = {
			isa = XCBuildConfiguration;
			buildSettings = {
				ASSETCATALOG_COMPILER_APPICON_NAME = AppIcon;
				ASSETCATALOG_COMPILER_GLOBAL_ACCENT_COLOR_NAME = AccentColor;
				ASSETCATALOG_COMPILER_INCLUDE_ALL_APPICON_ASSETS = NO;
				CODE_SIGN_STYLE = Automatic;
				CURRENT_PROJECT_VERSION = 1;
				DEVELOPMENT_ASSET_PATHS = "\"RickAndMortyApi/Preview Content\"";
				DEVELOPMENT_TEAM = V4UF5HM3CN;
				ENABLE_PREVIEWS = YES;
				GENERATE_INFOPLIST_FILE = YES;
				INFOPLIST_KEY_UIApplicationSceneManifest_Generation = YES;
				INFOPLIST_KEY_UIApplicationSupportsIndirectInputEvents = YES;
				INFOPLIST_KEY_UILaunchScreen_Generation = YES;
				INFOPLIST_KEY_UISupportedInterfaceOrientations_iPad = "UIInterfaceOrientationPortrait UIInterfaceOrientationPortraitUpsideDown UIInterfaceOrientationLandscapeLeft UIInterfaceOrientationLandscapeRight";
				INFOPLIST_KEY_UISupportedInterfaceOrientations_iPhone = "UIInterfaceOrientationPortrait UIInterfaceOrientationLandscapeLeft UIInterfaceOrientationLandscapeRight";
				IPHONEOS_DEPLOYMENT_TARGET = 15.0;
				LD_RUNPATH_SEARCH_PATHS = (
					"$(inherited)",
					"@executable_path/Frameworks",
				);
				MARKETING_VERSION = 1.0;
				PRODUCT_BUNDLE_IDENTIFIER = com.dkhriapin.RickAndMortyApi;
				PRODUCT_NAME = "$(TARGET_NAME)";
				SUPPORTED_PLATFORMS = "iphoneos iphonesimulator";
				SUPPORTS_MACCATALYST = NO;
				SUPPORTS_MAC_DESIGNED_FOR_IPHONE_IPAD = NO;
				SUPPORTS_XR_DESIGNED_FOR_IPHONE_IPAD = NO;
				SWIFT_EMIT_LOC_STRINGS = YES;
				SWIFT_VERSION = 5.0;
				TARGETED_DEVICE_FAMILY = 1;
			};
			name = Debug;
		};
		D15B01F92B59AD8F00BA70D8 /* Release */ = {
			isa = XCBuildConfiguration;
			buildSettings = {
				ASSETCATALOG_COMPILER_APPICON_NAME = AppIcon;
				ASSETCATALOG_COMPILER_GLOBAL_ACCENT_COLOR_NAME = AccentColor;
				ASSETCATALOG_COMPILER_INCLUDE_ALL_APPICON_ASSETS = NO;
				CODE_SIGN_STYLE = Automatic;
				CURRENT_PROJECT_VERSION = 1;
				DEVELOPMENT_ASSET_PATHS = "\"RickAndMortyApi/Preview Content\"";
				DEVELOPMENT_TEAM = V4UF5HM3CN;
				ENABLE_PREVIEWS = YES;
				GENERATE_INFOPLIST_FILE = YES;
				INFOPLIST_KEY_UIApplicationSceneManifest_Generation = YES;
				INFOPLIST_KEY_UIApplicationSupportsIndirectInputEvents = YES;
				INFOPLIST_KEY_UILaunchScreen_Generation = YES;
				INFOPLIST_KEY_UISupportedInterfaceOrientations_iPad = "UIInterfaceOrientationPortrait UIInterfaceOrientationPortraitUpsideDown UIInterfaceOrientationLandscapeLeft UIInterfaceOrientationLandscapeRight";
				INFOPLIST_KEY_UISupportedInterfaceOrientations_iPhone = "UIInterfaceOrientationPortrait UIInterfaceOrientationLandscapeLeft UIInterfaceOrientationLandscapeRight";
				IPHONEOS_DEPLOYMENT_TARGET = 15.0;
				LD_RUNPATH_SEARCH_PATHS = (
					"$(inherited)",
					"@executable_path/Frameworks",
				);
				MARKETING_VERSION = 1.0;
				PRODUCT_BUNDLE_IDENTIFIER = com.dkhriapin.RickAndMortyApi;
				PRODUCT_NAME = "$(TARGET_NAME)";
				SUPPORTED_PLATFORMS = "iphoneos iphonesimulator";
				SUPPORTS_MACCATALYST = NO;
				SUPPORTS_MAC_DESIGNED_FOR_IPHONE_IPAD = NO;
				SUPPORTS_XR_DESIGNED_FOR_IPHONE_IPAD = NO;
				SWIFT_EMIT_LOC_STRINGS = YES;
				SWIFT_VERSION = 5.0;
				TARGETED_DEVICE_FAMILY = 1;
			};
			name = Release;
		};
/* End XCBuildConfiguration section */

/* Begin XCConfigurationList section */
		D15B01E42B59AD8E00BA70D8 /* Build configuration list for PBXProject "RickAndMortyApi" */ = {
			isa = XCConfigurationList;
			buildConfigurations = (
				D15B01F52B59AD8F00BA70D8 /* Debug */,
				D15B01F62B59AD8F00BA70D8 /* Release */,
			);
			defaultConfigurationIsVisible = 0;
			defaultConfigurationName = Release;
		};
		D15B01F72B59AD8F00BA70D8 /* Build configuration list for PBXNativeTarget "RickAndMortyApi" */ = {
			isa = XCConfigurationList;
			buildConfigurations = (
				D15B01F82B59AD8F00BA70D8 /* Debug */,
				D15B01F92B59AD8F00BA70D8 /* Release */,
			);
			defaultConfigurationIsVisible = 0;
			defaultConfigurationName = Release;
		};
/* End XCConfigurationList section */
	};
	rootObject = D15B01E12B59AD8E00BA70D8 /* Project object */;
}
